
Microsoft Visual Studio Solution File, Format Version 12.00
# Visual Studio Version 16
VisualStudioVersion = 16.0.31729.503
MinimumVisualStudioVersion = 10.0.40219.1
Project("{8BC9CEB8-8B4A-11D0-8D11-00A0C91BC942}") = "Chapter 4-5 Test", "Chapter 4-5 Test.vcxproj", "{ADB5192A-6135-41EB-A9FA-6A7922E4B8E7}"
EndProject
Global
	GlobalSection(SolutionConfigurationPlatforms) = preSolution
		Debug|x64 = Debug|x64
		Debug|x86 = Debug|x86
		Release|x64 = Release|x64
		Release|x86 = Release|x86
	EndGlobalSection
	GlobalSection(ProjectConfigurationPlatforms) = postSolution
		{ADB5192A-6135-41EB-A9FA-6A7922E4B8E7}.Debug|x64.ActiveCfg = Debug|x64
		{ADB5192A-6135-41EB-A9FA-6A7922E4B8E7}.Debug|x64.Build.0 = Debug|x64
		{ADB5192A-6135-41EB-A9FA-6A7922E4B8E7}.Debug|x86.ActiveCfg = Debug|Win32
		{ADB5192A-6135-41EB-A9FA-6A7922E4B8E7}.Debug|x86.Build.0 = Debug|Win32
		{ADB5192A-6135-41EB-A9FA-6A7922E4B8E7}.Release|x64.ActiveCfg = Release|x64
		{ADB5192A-6135-41EB-A9FA-6A7922E4B8E7}.Release|x64.Build.0 = Release|x64
		{ADB5192A-6135-41EB-A9FA-6A7922E4B8E7}.Release|x86.ActiveCfg = Release|Win32
		{ADB5192A-6135-41EB-A9FA-6A7922E4B8E7}.Release|x86.Build.0 = Release|Win32
	EndGlobalSection
	GlobalSection(SolutionProperties) = preSolution
		HideSolutionNode = FALSE
	EndGlobalSection
	GlobalSection(ExtensibilityGlobals) = postSolution
		SolutionGuid = {89B363F2-04C1-462F-A8BA-02DD92DCAF5A}
	EndGlobalSection
EndGlobal
